github.com/alexedwards/flow v0.0.0-20220421161004-151985479ec9 h1:epDKCOEMtAVbZkO1tS3qcoIIqzN6nrYrJKhd6WFwtwg=
github.com/alexedwards/flow v0.0.0-20220421161004-151985479ec9/go.mod h1:1rjOQiOqQlmMdUMuvlJFjldqTnE/tQULE7qPIu4aq3U=
golang.org/x/exp v0.0.0-20220518171630-0b5c67f07fdf h1:oXVg4h2qJDd9htKxb5SCpFBHLipW6hXmL3qpUixS2jw=
golang.org/x/exp v0.0.0-20220518171630-0b5c67f07fdf/go.mod h1:yh0Ynu2b5ZUe3MQfp2nM0ecK7wsgouWTDN0FNeJuIys=
